// !$*UTF8*$!
{
	archiveVersion = 1;
	classes = {
	};
	objectVersion = 50;
	objects = {

/* Begin PBXBuildFile section */
		8E68DC1125E02E5C0069FFBC /* bookshelvApp.swift in Sources */ = {isa = PBXBuildFile; fileRef = 8E68DC1025E02E5C0069FFBC /* bookshelvApp.swift */; };
		8E68DC1325E02E5C0069FFBC /* ContentView.swift in Sources */ = {isa = PBXBuildFile; fileRef = 8E68DC1225E02E5C0069FFBC /* ContentView.swift */; };
		8E68DC1525E02E5D0069FFBC /* Assets.xcassets in Resources */ = {isa = PBXBuildFile; fileRef = 8E68DC1425E02E5D0069FFBC /* Assets.xcassets */; };
		8E68DC1825E02E5D0069FFBC /* Preview Assets.xcassets in Resources */ = {isa = PBXBuildFile; fileRef = 8E68DC1725E02E5D0069FFBC /* Preview Assets.xcassets */; };
/* End PBXBuildFile section */

/* Begin PBXFileReference section */
		8E68DC0D25E02E5C0069FFBC /* bookshelv.app */ = {isa = PBXFileReference; explicitFileType = wrapper.application; includeInIndex = 0; path = bookshelv.app; sourceTree = BUILT_PRODUCTS_DIR; };
		8E68DC1025E02E5C0069FFBC /* bookshelvApp.swift */ = {isa = PBXFileReference; lastKnownFileType = sourcecode.swift; path = bookshelvApp.swift; sourceTree = "<group>"; };
		8E68DC1225E02E5C0069FFBC /* ContentView.swift */ = {isa = PBXFileReference; lastKnownFileType = sourcecode.swift; path = ContentView.swift; sourceTree = "<group>"; };
		8E68DC1425E02E5D0069FFBC /* Assets.xcassets */ = {isa = PBXFileReference; lastKnownFileType = folder.assetcatalog; path = Assets.xcassets; sourceTree = "<group>"; };
		8E68DC1725E02E5D0069FFBC /* Preview Assets.xcassets */ = {isa = PBXFileReference; lastKnownFileType = folder.assetcatalog; path = "Preview Assets.xcassets"; sourceTree = "<group>"; };
		8E68DC1925E02E5D0069FFBC /* Info.plist */ = {isa = PBXFileReference; lastKnownFileType = text.plist.xml; path = Info.plist; sourceTree = "<group>"; };
/* End PBXFileReference section */

/* Begin PBXFrameworksBuildPhase section */
		8E68DC0A25E02E5C0069FFBC /* Frameworks */ = {
			isa = PBXFrameworksBuildPhase;
			buildActionMask = 2147483647;
			files = (
			);
			runOnlyForDeploymentPostprocessing = 0;
		};
/* End PBXFrameworksBuildPhase section */

/* Begin PBXGroup section */
		8E68DC0425E02E5C0069FFBC = {
			isa = PBXGroup;
			children = (
				8E68DC0F25E02E5C0069FFBC /* bookshelv */,
				8E68DC0E25E02E5C0069FFBC /* Products */,
			);
			sourceTree = "<group>";
		};
		8E68DC0E25E02E5C0069FFBC /* Products */ = {
			isa = PBXGroup;
			children = (
				8E68DC0D25E02E5C0069FFBC /* bookshelv.app */,
			);
			name = Products;
			sourceTree = "<group>";
		};
		8E68DC0F25E02E5C0069FFBC /* bookshelv */ = {
			isa = PBXGroup;
			children = (
				8E68DC1025E02E5C0069FFBC /* bookshelvApp.swift */,
				8E68DC1225E02E5C0069FFBC /* ContentView.swift */,
				8E68DC1425E02E5D0069FFBC /* Assets.xcassets */,
				8E68DC1925E02E5D0069FFBC /* Info.plist */,
				8E68DC1625E02E5D0069FFBC /* Preview Content */,
			);
			path = bookshelv;
			sourceTree = "<group>";
		};
		8E68DC1625E02E5D0069FFBC /* Preview Content */ = {
			isa = PBXGroup;
			children = (
				8E68DC1725E02E5D0069FFBC /* Preview Assets.xcassets */,
			);
			path = "Preview Content";
			sourceTree = "<group>";
		};
/* End PBXGroup section */

/* Begin PBXNativeTarget section */
		8E68DC0C25E02E5C0069FFBC /* bookshelv */ = {
			isa = PBXNativeTarget;
			buildConfigurationList = 8E68DC1C25E02E5D0069FFBC /* Build configuration list for PBXNativeTarget "bookshelv" */;
			buildPhases = (
				8E68DC0925E02E5C0069FFBC /* Sources */,
				8E68DC0A25E02E5C0069FFBC /* Frameworks */,
				8E68DC0B25E02E5C0069FFBC /* Resources */,
			);
			buildRules = (
			);
			dependencies = (
			);
			name = bookshelv;
			productName = bookshelv;
			productReference = 8E68DC0D25E02E5C0069FFBC /* bookshelv.app */;
			productType = "com.apple.product-type.application";
		};
/* End PBXNativeTarget section */

/* Begin PBXProject section */
		8E68DC0525E02E5C0069FFBC /* Project object */ = {
			isa = PBXProject;
			attributes = {
				LastSwiftUpdateCheck = 1240;
				LastUpgradeCheck = 1240;
				TargetAttributes = {
					8E68DC0C25E02E5C0069FFBC = {
						CreatedOnToolsVersion = 12.4;
					};
				};
			};
			buildConfigurationList = 8E68DC0825E02E5C0069FFBC /* Build configuration list for PBXProject "bookshelv" */;
			compatibilityVersion = "Xcode 9.3";
			developmentRegion = en;
			hasScannedForEncodings = 0;
			knownRegions = (
				en,
				Base,
			);
			mainGroup = 8E68DC0425E02E5C0069FFBC;
			productRefGroup = 8E68DC0E25E02E5C0069FFBC /* Products */;
			projectDirPath = "";
			projectRoot = "";
			targets = (
				8E68DC0C25E02E5C0069FFBC /* bookshelv */,
			);
		};
/* End PBXProject section */

/* Begin PBXResourcesBuildPhase section */
		8E68DC0B25E02E5C0069FFBC /* Resources */ = {
			isa = PBXResourcesBuildPhase;
			buildActionMask = 2147483647;
			files = (
				8E68DC1825E02E5D0069FFBC /* Preview Assets.xcassets in Resources */,
				8E68DC1525E02E5D0069FFBC /* Assets.xcassets in Resources */,
			);
			runOnlyForDeploymentPostprocessing = 0;
		};
/* End PBXResourcesBuildPhase section */

/* Begin PBXSourcesBuildPhase section */
		8E68DC0925E02E5C0069FFBC /* Sources */ = {
			isa = PBXSourcesBuildPhase;
			buildActionMask = 2147483647;
			files = (
				8E68DC1325E02E5C0069FFBC /* ContentView.swift in Sources */,
				8E68DC1125E02E5C0069FFBC /* bookshelvApp.swift in Sources */,
			);
			runOnlyForDeploymentPostprocessing = 0;
		};
/* End PBXSourcesBuildPhase section */

/* Begin XCBuildConfiguration section */
		8E68DC1A25E02E5D0069FFBC /* Debug */ = {
			isa = XCBuildConfiguration;
			buildSettings = {
				ALWAYS_SEARCH_USER_PATHS = NO;
				CLANG_ANALYZER_NONNULL = YES;
				CLANG_ANALYZER_NUMBER_OBJECT_CONVERSION = YES_AGGRESSIVE;
				CLANG_CXX_LANGUAGE_STANDARD = "gnu++14";
				CLANG_CXX_LIBRARY = "libc++";
				CLANG_ENABLE_MODULES = YES;
				CLANG_ENABLE_OBJC_ARC = YES;
				CLANG_ENABLE_OBJC_WEAK = YES;
				CLANG_WARN_BLOCK_CAPTURE_AUTORELEASING = YES;
				CLANG_WARN_BOOL_CONVERSION = YES;
				CLANG_WARN_COMMA = YES;
				CLANG_WARN_CONSTANT_CONVERSION = YES;
				CLANG_WARN_DEPRECATED_OBJC_IMPLEMENTATIONS = YES;
				CLANG_WARN_DIRECT_OBJC_ISA_USAGE = YES_ERROR;
				CLANG_WARN_DOCUMENTATION_COMMENTS = YES;
				CLANG_WARN_EMPTY_BODY = YES;
				CLANG_WARN_ENUM_CONVERSION = YES;
				CLANG_WARN_INFINITE_RECURSION = YES;
				CLANG_WARN_INT_CONVERSION = YES;
				CLANG_WARN_NON_LITERAL_NULL_CONVERSION = YES;
				CLANG_WARN_OBJC_IMPLICIT_RETAIN_SELF = YES;
				CLANG_WARN_OBJC_LITERAL_CONVERSION = YES;
				CLANG_WARN_OBJC_ROOT_CLASS = YES_ERROR;
				CLANG_WARN_QUOTED_INCLUDE_IN_FRAMEWORK_HEADER = YES;
				CLANG_WARN_RANGE_LOOP_ANALYSIS = YES;
				CLANG_WARN_STRICT_PROTOTYPES = YES;
				CLANG_WARN_SUSPICIOUS_MOVE = YES;
				CLANG_WARN_UNGUARDED_AVAILABILITY = YES_AGGRESSIVE;
				CLANG_WARN_UNREACHABLE_CODE = YES;
				CLANG_WARN__DUPLICATE_METHOD_MATCH = YES;
				COPY_PHASE_STRIP = NO;
				DEBUG_INFORMATION_FORMAT = dwarf;
				ENABLE_STRICT_OBJC_MSGSEND = YES;
				ENABLE_TESTABILITY = YES;
				GCC_C_LANGUAGE_STANDARD = gnu11;
				GCC_DYNAMIC_NO_PIC = NO;
				GCC_NO_COMMON_BLOCKS = YES;
				GCC_OPTIMIZATION_LEVEL = 0;
				GCC_PREPROCESSOR_DEFINITIONS = (
					"DEBUG=1",
					"$(inherited)",
				);
				GCC_WARN_64_TO_32_BIT_CONVERSION = YES;
				GCC_WARN_ABOUT_RETURN_TYPE = YES_ERROR;
				GCC_WARN_UNDECLARED_SELECTOR = YES;
				GCC_WARN_UNINITIALIZED_AUTOS = YES_AGGRESSIVE;
				GCC_WARN_UNUSED_FUNCTION = YES;
				GCC_WARN_UNUSED_VARIABLE = YES;
				IPHONEOS_DEPLOYMENT_TARGET = 14.4;
				MTL_ENABLE_DEBUG_INFO = INCLUDE_SOURCE;
				MTL_FAST_MATH = YES;
				ONLY_ACTIVE_ARCH = YES;
				SDKROOT = iphoneos;
				SWIFT_ACTIVE_COMPILATION_CONDITIONS = DEBUG;
				SWIFT_OPTIMIZATION_LEVEL = "-Onone";
			};
			name = Debug;
		};
		8E68DC1B25E02E5D0069FFBC /* Release */ = {
			isa = XCBuildConfiguration;
			buildSettings = {
				ALWAYS_SEARCH_USER_PATHS = NO;
				CLANG_ANALYZER_NONNULL = YES;
				CLANG_ANALYZER_NUMBER_OBJECT_CONVERSION = YES_AGGRESSIVE;
				CLANG_CXX_LANGUAGE_STANDARD = "gnu++14";
				CLANG_CXX_LIBRARY = "libc++";
				CLANG_ENABLE_MODULES = YES;
				CLANG_ENABLE_OBJC_ARC = YES;
				CLANG_ENABLE_OBJC_WEAK = YES;
				CLANG_WARN_BLOCK_CAPTURE_AUTORELEASING = YES;
				CLANG_WARN_BOOL_CONVERSION = YES;
				CLANG_WARN_COMMA = YES;
				CLANG_WARN_CONSTANT_CONVERSION = YES;
				CLANG_WARN_DEPRECATED_OBJC_IMPLEMENTATIONS = YES;
				CLANG_WARN_DIRECT_OBJC_ISA_USAGE = YES_ERROR;
				CLANG_WARN_DOCUMENTATION_COMMENTS = YES;
				CLANG_WARN_EMPTY_BODY = YES;
				CLANG_WARN_ENUM_CONVERSION = YES;
				CLANG_WARN_INFINITE_RECURSION = YES;
				CLANG_WARN_INT_CONVERSION = YES;
				CLANG_WARN_NON_LITERAL_NULL_CONVERSION = YES;
				CLANG_WARN_OBJC_IMPLICIT_RETAIN_SELF = YES;
				CLANG_WARN_OBJC_LITERAL_CONVERSION = YES;
				CLANG_WARN_OBJC_ROOT_CLASS = YES_ERROR;
				CLANG_WARN_QUOTED_INCLUDE_IN_FRAMEWORK_HEADER = YES;
				CLANG_WARN_RANGE_LOOP_ANALYSIS = YES;
				CLANG_WARN_STRICT_PROTOTYPES = YES;
				CLANG_WARN_SUSPICIOUS_MOVE = YES;
				CLANG_WARN_UNGUARDED_AVAILABILITY = YES_AGGRESSIVE;
				CLANG_WARN_UNREACHABLE_CODE = YES;
				CLANG_WARN__DUPLICATE_METHOD_MATCH = YES;
				COPY_PHASE_STRIP = NO;
				DEBUG_INFORMATION_FORMAT = "dwarf-with-dsym";
				ENABLE_NS_ASSERTIONS = NO;
				ENABLE_STRICT_OBJC_MSGSEND = YES;
				GCC_C_LANGUAGE_STANDARD = gnu11;
				GCC_NO_COMMON_BLOCKS = YES;
				GCC_WARN_64_TO_32_BIT_CONVERSION = YES;
				GCC_WARN_ABOUT_RETURN_TYPE = YES_ERROR;
				GCC_WARN_UNDECLARED_SELECTOR = YES;
				GCC_WARN_UNINITIALIZED_AUTOS = YES_AGGRESSIVE;
				GCC_WARN_UNUSED_FUNCTION = YES;
				GCC_WARN_UNUSED_VARIABLE = YES;
				IPHONEOS_DEPLOYMENT_TARGET = 14.4;
				MTL_ENABLE_DEBUG_INFO = NO;
				MTL_FAST_MATH = YES;
				SDKROOT = iphoneos;
				SWIFT_COMPILATION_MODE = wholemodule;
				SWIFT_OPTIMIZATION_LEVEL = "-O";
				VALIDATE_PRODUCT = YES;
			};
			name = Release;
		};
		8E68DC1D25E02E5D0069FFBC /* Debug */ = {
			isa = XCBuildConfiguration;
			buildSettings = {
				ASSETCATALOG_COMPILER_APPICON_NAME = AppIcon;
				ASSETCATALOG_COMPILER_GLOBAL_ACCENT_COLOR_NAME = AccentColor;
				CODE_SIGN_STYLE = Automatic;
				DEVELOPMENT_ASSET_PATHS = "\"bookshelv/Preview Content\"";
				DEVELOPMENT_TEAM = J7YCHK8ZJ4;
				ENABLE_PREVIEWS = YES;
				INFOPLIST_FILE = bookshelv/Info.plist;
				IPHONEOS_DEPLOYMENT_TARGET = 14.0;
				LD_RUNPATH_SEARCH_PATHS = (
					"$(inherited)",
					"@executable_path/Frameworks",
				);
				PRODUCT_BUNDLE_IDENTIFIER = com.astrolab.bookshelv;
				PRODUCT_NAME = "$(TARGET_NAME)";
				SWIFT_VERSION = 5.0;
				TARGETED_DEVICE_FAMILY = "1,2";
			};
			name = Debug;
		};
		8E68DC1E25E02E5D0069FFBC /* Release */ = {
			isa = XCBuildConfiguration;
			buildSettings = {
				ASSETCATALOG_COMPILER_APPICON_NAME = AppIcon;
				ASSETCATALOG_COMPILER_GLOBAL_ACCENT_COLOR_NAME = AccentColor;
				CODE_SIGN_STYLE = Automatic;
				DEVELOPMENT_ASSET_PATHS = "\"bookshelv/Preview Content\"";
				DEVELOPMENT_TEAM = J7YCHK8ZJ4;
				ENABLE_PREVIEWS = YES;
				INFOPLIST_FILE = bookshelv/Info.plist;
				IPHONEOS_DEPLOYMENT_TARGET = 14.0;
				LD_RUNPATH_SEARCH_PATHS = (
					"$(inherited)",
					"@executable_path/Frameworks",
				);
				PRODUCT_BUNDLE_IDENTIFIER = com.astrolab.bookshelv;
				PRODUCT_NAME = "$(TARGET_NAME)";
				SWIFT_VERSION = 5.0;
				TARGETED_DEVICE_FAMILY = "1,2";
			};
			name = Release;
		};
/* End XCBuildConfiguration section */

/* Begin XCConfigurationList section */
		8E68DC0825E02E5C0069FFBC /* Build configuration list for PBXProject "bookshelv" */ = {
			isa = XCConfigurationList;
			buildConfigurations = (
				8E68DC1A25E02E5D0069FFBC /* Debug */,
				8E68DC1B25E02E5D0069FFBC /* Release */,
			);
			defaultConfigurationIsVisible = 0;
			defaultConfigurationName = Release;
		};
		8E68DC1C25E02E5D0069FFBC /* Build configuration list for PBXNativeTarget "bookshelv" */ = {
			isa = XCConfigurationList;
			buildConfigurations = (
				8E68DC1D25E02E5D0069FFBC /* Debug */,
				8E68DC1E25E02E5D0069FFBC /* Release */,
			);
			defaultConfigurationIsVisible = 0;
			defaultConfigurationName = Release;
		};
/* End XCConfigurationList section */
	};
	rootObject = 8E68DC0525E02E5C0069FFBC /* Project object */;
}
